
Microsoft Visual Studio Solution File, Format Version 12.00
# Visual Studio Version 16
VisualStudioVersion = 25.0.1706.3
MinimumVisualStudioVersion = 10.0.40219.1
Project("{FAE04EC0-301F-11D3-BF4B-00C04F79EFBC}") = "Exercicio01", "Exercicio01\Exercicio01.csproj", "{1AFBCD08-1FB3-434A-B6B8-1F48ADD7131F}"
EndProject
Project("{FAE04EC0-301F-11D3-BF4B-00C04F79EFBC}") = "Exercicio02", "Exercicio02\Exercicio02.csproj", "{5800661F-8188-4700-80A7-10FC2B64532D}"
EndProject
Project("{FAE04EC0-301F-11D3-BF4B-00C04F79EFBC}") = "Exercicio03", "Exercicio03\Exercicio03.csproj", "{1D895897-5714-4FE0-81D1-22D344992945}"
EndProject
Project("{FAE04EC0-301F-11D3-BF4B-00C04F79EFBC}") = "Exercicio04", "Exercicio04\Exercicio04.csproj", "{BB9740C1-EAE1-4AE1-931F-0B85D98D433A}"
EndProject
Project("{FAE04EC0-301F-11D3-BF4B-00C04F79EFBC}") = "Exercicio05", "Exercicio05\Exercicio05.csproj", "{F3B34550-24A3-470A-B576-904FE302D1FA}"
EndProject
Project("{2150E333-8FDC-42A3-9474-1A3956D46DE8}") = "Itens da Solução", "Itens da Solução", "{507CB23C-886F-439C-A2D2-02C4E65EA94D}"
	ProjectSection(SolutionItems) = preProject
		.editorconfig = .editorconfig
	EndProjectSection
EndProject
Global
	GlobalSection(SolutionConfigurationPlatforms) = preSolution
		Debug|Any CPU = Debug|Any CPU
		Release|Any CPU = Release|Any CPU
	EndGlobalSection
	GlobalSection(ProjectConfigurationPlatforms) = postSolution
		{1AFBCD08-1FB3-434A-B6B8-1F48ADD7131F}.Debug|Any CPU.ActiveCfg = Debug|Any CPU
		{1AFBCD08-1FB3-434A-B6B8-1F48ADD7131F}.Debug|Any CPU.Build.0 = Debug|Any CPU
		{1AFBCD08-1FB3-434A-B6B8-1F48ADD7131F}.Release|Any CPU.ActiveCfg = Release|Any CPU
		{1AFBCD08-1FB3-434A-B6B8-1F48ADD7131F}.Release|Any CPU.Build.0 = Release|Any CPU
		{5800661F-8188-4700-80A7-10FC2B64532D}.Debug|Any CPU.ActiveCfg = Debug|Any CPU
		{5800661F-8188-4700-80A7-10FC2B64532D}.Debug|Any CPU.Build.0 = Debug|Any CPU
		{5800661F-8188-4700-80A7-10FC2B64532D}.Release|Any CPU.ActiveCfg = Release|Any CPU
		{5800661F-8188-4700-80A7-10FC2B64532D}.Release|Any CPU.Build.0 = Release|Any CPU
		{1D895897-5714-4FE0-81D1-22D344992945}.Debug|Any CPU.ActiveCfg = Debug|Any CPU
		{1D895897-5714-4FE0-81D1-22D344992945}.Debug|Any CPU.Build.0 = Debug|Any CPU
		{1D895897-5714-4FE0-81D1-22D344992945}.Release|Any CPU.ActiveCfg = Release|Any CPU
		{1D895897-5714-4FE0-81D1-22D344992945}.Release|Any CPU.Build.0 = Release|Any CPU
		{BB9740C1-EAE1-4AE1-931F-0B85D98D433A}.Debug|Any CPU.ActiveCfg = Debug|Any CPU
		{BB9740C1-EAE1-4AE1-931F-0B85D98D433A}.Debug|Any CPU.Build.0 = Debug|Any CPU
		{BB9740C1-EAE1-4AE1-931F-0B85D98D433A}.Release|Any CPU.ActiveCfg = Release|Any CPU
		{BB9740C1-EAE1-4AE1-931F-0B85D98D433A}.Release|Any CPU.Build.0 = Release|Any CPU
		{F3B34550-24A3-470A-B576-904FE302D1FA}.Debug|Any CPU.ActiveCfg = Debug|Any CPU
		{F3B34550-24A3-470A-B576-904FE302D1FA}.Debug|Any CPU.Build.0 = Debug|Any CPU
		{F3B34550-24A3-470A-B576-904FE302D1FA}.Release|Any CPU.ActiveCfg = Release|Any CPU
		{F3B34550-24A3-470A-B576-904FE302D1FA}.Release|Any CPU.Build.0 = Release|Any CPU
	EndGlobalSection
	GlobalSection(SolutionProperties) = preSolution
		HideSolutionNode = FALSE
	EndGlobalSection
	GlobalSection(ExtensibilityGlobals) = postSolution
		SolutionGuid = {6021E4EE-774F-46AF-8512-BA8F80FAD527}
	EndGlobalSection
EndGlobal
